
Microsoft Visual Studio Solution File, Format Version 12.00
# Visual Studio Version 17
VisualStudioVersion = 17.10.35013.160
MinimumVisualStudioVersion = 10.0.40219.1
Project("{FAE04EC0-301F-11D3-BF4B-00C04F79EFBC}") = "Projet_atlantik", "Projet_atlantik\Projet_atlantik.csproj", "{4AA808A9-0906-4415-B83A-8D0BD2390394}"
EndProject
Global
	GlobalSection(SolutionConfigurationPlatforms) = preSolution
		Debug|Any CPU = Debug|Any CPU
		Release|Any CPU = Release|Any CPU
	EndGlobalSection
	GlobalSection(ProjectConfigurationPlatforms) = postSolution
		{4AA808A9-0906-4415-B83A-8D0BD2390394}.Debug|Any CPU.ActiveCfg = Debug|Any CPU
		{4AA808A9-0906-4415-B83A-8D0BD2390394}.Debug|Any CPU.Build.0 = Debug|Any CPU
		{4AA808A9-0906-4415-B83A-8D0BD2390394}.Release|Any CPU.ActiveCfg = Release|Any CPU
		{4AA808A9-0906-4415-B83A-8D0BD2390394}.Release|Any CPU.Build.0 = Release|Any CPU
	EndGlobalSection
	GlobalSection(SolutionProperties) = preSolution
		HideSolutionNode = FALSE
	EndGlobalSection
	GlobalSection(ExtensibilityGlobals) = postSolution
		SolutionGuid = {A6D1E4BC-0BFF-4AAA-8CAF-469882585C9F}
	EndGlobalSection
EndGlobal
